
Microsoft Visual Studio Solution File, Format Version 12.00
# Visual Studio Version 17
VisualStudioVersion = 17.6.33712.159
MinimumVisualStudioVersion = 10.0.40219.1
Project("{9A19103F-16F7-4668-BE54-9A1E7A4F7556}") = "RDLCDesign", "RDLCDesign\RDLCDesign.csproj", "{4D56131F-D5A3-422E-8913-DD5F97F54E57}"
EndProject
Project("{FAE04EC0-301F-11D3-BF4B-00C04F79EFBC}") = "CoreRDLCReport", "CoreRDLCReport\CoreRDLCReport.csproj", "{73A7E2F9-4D70-486F-B191-18E3121F6B8E}"
EndProject
Global
	GlobalSection(SolutionConfigurationPlatforms) = preSolution
		Debug|Any CPU = Debug|Any CPU
		Release|Any CPU = Release|Any CPU
	EndGlobalSection
	GlobalSection(ProjectConfigurationPlatforms) = postSolution
		{4D56131F-D5A3-422E-8913-DD5F97F54E57}.Debug|Any CPU.ActiveCfg = Debug|Any CPU
		{4D56131F-D5A3-422E-8913-DD5F97F54E57}.Debug|Any CPU.Build.0 = Debug|Any CPU
		{4D56131F-D5A3-422E-8913-DD5F97F54E57}.Release|Any CPU.ActiveCfg = Release|Any CPU
		{4D56131F-D5A3-422E-8913-DD5F97F54E57}.Release|Any CPU.Build.0 = Release|Any CPU
		{73A7E2F9-4D70-486F-B191-18E3121F6B8E}.Debug|Any CPU.ActiveCfg = Debug|Any CPU
		{73A7E2F9-4D70-486F-B191-18E3121F6B8E}.Debug|Any CPU.Build.0 = Debug|Any CPU
		{73A7E2F9-4D70-486F-B191-18E3121F6B8E}.Release|Any CPU.ActiveCfg = Release|Any CPU
		{73A7E2F9-4D70-486F-B191-18E3121F6B8E}.Release|Any CPU.Build.0 = Release|Any CPU
	EndGlobalSection
	GlobalSection(SolutionProperties) = preSolution
		HideSolutionNode = FALSE
	EndGlobalSection
	GlobalSection(ExtensibilityGlobals) = postSolution
		SolutionGuid = {63966EF8-FAF8-4C3F-9633-E0E3888A89FE}
	EndGlobalSection
EndGlobal
